
Microsoft Visual Studio Solution File, Format Version 12.00
# Visual Studio Version 16
VisualStudioVersion = 16.0.31105.61
MinimumVisualStudioVersion = 10.0.40219.1
Project("{FAE04EC0-301F-11D3-BF4B-00C04F79EFBC}") = "XamarinTest.UWP", "XamarinTest.UWP\XamarinTest.UWP.csproj", "{E11EE58B-7790-4890-9BB2-5332034FE093}"
EndProject
Project("{FAE04EC0-301F-11D3-BF4B-00C04F79EFBC}") = "XamarinTest.Android", "XamarinTest.Android\XamarinTest.Android.csproj", "{D7985C7B-CBAF-4481-9245-528B5CB2F89D}"
EndProject
Project("{FAE04EC0-301F-11D3-BF4B-00C04F79EFBC}") = "XamarinTest.iOS", "XamarinTest.iOS\XamarinTest.iOS.csproj", "{857EDF08-65D3-42C9-B3A4-707F4D5D3393}"
EndProject
Project("{FAE04EC0-301F-11D3-BF4B-00C04F79EFBC}") = "XamarinTest", "XamarinTest\XamarinTest.csproj", "{72A0B5DC-375D-49B7-A4E7-CC988A05D963}"
EndProject
Global
	GlobalSection(SolutionConfigurationPlatforms) = preSolution
		Debug|Any CPU = Debug|Any CPU
		Debug|ARM = Debug|ARM
		Debug|iPhone = Debug|iPhone
		Debug|iPhoneSimulator = Debug|iPhoneSimulator
		Debug|x64 = Debug|x64
		Debug|x86 = Debug|x86
		Release|Any CPU = Release|Any CPU
		Release|ARM = Release|ARM
		Release|iPhone = Release|iPhone
		Release|iPhoneSimulator = Release|iPhoneSimulator
		Release|x64 = Release|x64
		Release|x86 = Release|x86
	EndGlobalSection
	GlobalSection(ProjectConfigurationPlatforms) = postSolution
		{E11EE58B-7790-4890-9BB2-5332034FE093}.Debug|Any CPU.ActiveCfg = Debug|x86
		{E11EE58B-7790-4890-9BB2-5332034FE093}.Debug|Any CPU.Build.0 = Debug|x86
		{E11EE58B-7790-4890-9BB2-5332034FE093}.Debug|Any CPU.Deploy.0 = Debug|x86
		{E11EE58B-7790-4890-9BB2-5332034FE093}.Debug|ARM.ActiveCfg = Debug|ARM
		{E11EE58B-7790-4890-9BB2-5332034FE093}.Debug|ARM.Build.0 = Debug|ARM
		{E11EE58B-7790-4890-9BB2-5332034FE093}.Debug|ARM.Deploy.0 = Debug|ARM
		{E11EE58B-7790-4890-9BB2-5332034FE093}.Debug|iPhone.ActiveCfg = Debug|x86
		{E11EE58B-7790-4890-9BB2-5332034FE093}.Debug|iPhone.Build.0 = Debug|x86
		{E11EE58B-7790-4890-9BB2-5332034FE093}.Debug|iPhone.Deploy.0 = Debug|x86
		{E11EE58B-7790-4890-9BB2-5332034FE093}.Debug|iPhoneSimulator.ActiveCfg = Debug|x86
		{E11EE58B-7790-4890-9BB2-5332034FE093}.Debug|iPhoneSimulator.Build.0 = Debug|x86
		{E11EE58B-7790-4890-9BB2-5332034FE093}.Debug|iPhoneSimulator.Deploy.0 = Debug|x86
		{E11EE58B-7790-4890-9BB2-5332034FE093}.Debug|x64.ActiveCfg = Debug|x64
		{E11EE58B-7790-4890-9BB2-5332034FE093}.Debug|x64.Build.0 = Debug|x64
		{E11EE58B-7790-4890-9BB2-5332034FE093}.Debug|x64.Deploy.0 = Debug|x64
		{E11EE58B-7790-4890-9BB2-5332034FE093}.Debug|x86.ActiveCfg = Debug|x86
		{E11EE58B-7790-4890-9BB2-5332034FE093}.Debug|x86.Build.0 = Debug|x86
		{E11EE58B-7790-4890-9BB2-5332034FE093}.Debug|x86.Deploy.0 = Debug|x86
		{E11EE58B-7790-4890-9BB2-5332034FE093}.Release|Any CPU.ActiveCfg = Release|x86
		{E11EE58B-7790-4890-9BB2-5332034FE093}.Release|Any CPU.Build.0 = Release|x86
		{E11EE58B-7790-4890-9BB2-5332034FE093}.Release|Any CPU.Deploy.0 = Release|x86
		{E11EE58B-7790-4890-9BB2-5332034FE093}.Release|ARM.ActiveCfg = Release|ARM
		{E11EE58B-7790-4890-9BB2-5332034FE093}.Release|ARM.Build.0 = Release|ARM
		{E11EE58B-7790-4890-9BB2-5332034FE093}.Release|ARM.Deploy.0 = Release|ARM
		{E11EE58B-7790-4890-9BB2-5332034FE093}.Release|iPhone.ActiveCfg = Release|x86
		{E11EE58B-7790-4890-9BB2-5332034FE093}.Release|iPhone.Build.0 = Release|x86
		{E11EE58B-7790-4890-9BB2-5332034FE093}.Release|iPhone.Deploy.0 = Release|x86
		{E11EE58B-7790-4890-9BB2-5332034FE093}.Release|iPhoneSimulator.ActiveCfg = Release|x86
		{E11EE58B-7790-4890-9BB2-5332034FE093}.Release|iPhoneSimulator.Build.0 = Release|x86
		{E11EE58B-7790-4890-9BB2-5332034FE093}.Release|iPhoneSimulator.Deploy.0 = Release|x86
		{E11EE58B-7790-4890-9BB2-5332034FE093}.Release|x64.ActiveCfg = Release|x64
		{E11EE58B-7790-4890-9BB2-5332034FE093}.Release|x64.Build.0 = Release|x64
		{E11EE58B-7790-4890-9BB2-5332034FE093}.Release|x64.Deploy.0 = Release|x64
		{E11EE58B-7790-4890-9BB2-5332034FE093}.Release|x86.ActiveCfg = Release|x86
		{E11EE58B-7790-4890-9BB2-5332034FE093}.Release|x86.Build.0 = Release|x86
		{E11EE58B-7790-4890-9BB2-5332034FE093}.Release|x86.Deploy.0 = Release|x86
		{D7985C7B-CBAF-4481-9245-528B5CB2F89D}.Debug|Any CPU.ActiveCfg = Debug|Any CPU
		{D7985C7B-CBAF-4481-9245-528B5CB2F89D}.Debug|Any CPU.Build.0 = Debug|Any CPU
		{D7985C7B-CBAF-4481-9245-528B5CB2F89D}.Debug|Any CPU.Deploy.0 = Debug|Any CPU
		{D7985C7B-CBAF-4481-9245-528B5CB2F89D}.Debug|ARM.ActiveCfg = Debug|Any CPU
		{D7985C7B-CBAF-4481-9245-528B5CB2F89D}.Debug|ARM.Build.0 = Debug|Any CPU
		{D7985C7B-CBAF-4481-9245-528B5CB2F89D}.Debug|ARM.Deploy.0 = Debug|Any CPU
		{D7985C7B-CBAF-4481-9245-528B5CB2F89D}.Debug|iPhone.ActiveCfg = Debug|Any CPU
		{D7985C7B-CBAF-4481-9245-528B5CB2F89D}.Debug|iPhone.Build.0 = Debug|Any CPU
		{D7985C7B-CBAF-4481-9245-528B5CB2F89D}.Debug|iPhone.Deploy.0 = Debug|Any CPU
		{D7985C7B-CBAF-4481-9245-528B5CB2F89D}.Debug|iPhoneSimulator.ActiveCfg = Debug|Any CPU
		{D7985C7B-CBAF-4481-9245-528B5CB2F89D}.Debug|iPhoneSimulator.Build.0 = Debug|Any CPU
		{D7985C7B-CBAF-4481-9245-528B5CB2F89D}.Debug|iPhoneSimulator.Deploy.0 = Debug|Any CPU
		{D7985C7B-CBAF-4481-9245-528B5CB2F89D}.Debug|x64.ActiveCfg = Debug|Any CPU
		{D7985C7B-CBAF-4481-9245-528B5CB2F89D}.Debug|x64.Build.0 = Debug|Any CPU
		{D7985C7B-CBAF-4481-9245-528B5CB2F89D}.Debug|x64.Deploy.0 = Debug|Any CPU
		{D7985C7B-CBAF-4481-9245-528B5CB2F89D}.Debug|x86.ActiveCfg = Debug|Any CPU
		{D7985C7B-CBAF-4481-9245-528B5CB2F89D}.Debug|x86.Build.0 = Debug|Any CPU
		{D7985C7B-CBAF-4481-9245-528B5CB2F89D}.Debug|x86.Deploy.0 = Debug|Any CPU
		{D7985C7B-CBAF-4481-9245-528B5CB2F89D}.Release|Any CPU.ActiveCfg = Release|Any CPU
		{D7985C7B-CBAF-4481-9245-528B5CB2F89D}.Release|Any CPU.Build.0 = Release|Any CPU
		{D7985C7B-CBAF-4481-9245-528B5CB2F89D}.Release|Any CPU.Deploy.0 = Release|Any CPU
		{D7985C7B-CBAF-4481-9245-528B5CB2F89D}.Release|ARM.ActiveCfg = Release|Any CPU
		{D7985C7B-CBAF-4481-9245-528B5CB2F89D}.Release|ARM.Build.0 = Release|Any CPU
		{D7985C7B-CBAF-4481-9245-528B5CB2F89D}.Release|ARM.Deploy.0 = Release|Any CPU
		{D7985C7B-CBAF-4481-9245-528B5CB2F89D}.Release|iPhone.ActiveCfg = Release|Any CPU
		{D7985C7B-CBAF-4481-9245-528B5CB2F89D}.Release|iPhone.Build.0 = Release|Any CPU
		{D7985C7B-CBAF-4481-9245-528B5CB2F89D}.Release|iPhone.Deploy.0 = Release|Any CPU
		{D7985C7B-CBAF-4481-9245-528B5CB2F89D}.Release|iPhoneSimulator.ActiveCfg = Release|Any CPU
		{D7985C7B-CBAF-4481-9245-528B5CB2F89D}.Release|iPhoneSimulator.Build.0 = Release|Any CPU
		{D7985C7B-CBAF-4481-9245-528B5CB2F89D}.Release|iPhoneSimulator.Deploy.0 = Release|Any CPU
		{D7985C7B-CBAF-4481-9245-528B5CB2F89D}.Release|x64.ActiveCfg = Release|Any CPU
		{D7985C7B-CBAF-4481-9245-528B5CB2F89D}.Release|x64.Build.0 = Release|Any CPU
		{D7985C7B-CBAF-4481-9245-528B5CB2F89D}.Release|x64.Deploy.0 = Release|Any CPU
		{D7985C7B-CBAF-4481-9245-528B5CB2F89D}.Release|x86.ActiveCfg = Release|Any CPU
		{D7985C7B-CBAF-4481-9245-528B5CB2F89D}.Release|x86.Build.0 = Release|Any CPU
		{D7985C7B-CBAF-4481-9245-528B5CB2F89D}.Release|x86.Deploy.0 = Release|Any CPU
		{857EDF08-65D3-42C9-B3A4-707F4D5D3393}.Debug|Any CPU.ActiveCfg = Debug|iPhoneSimulator
		{857EDF08-65D3-42C9-B3A4-707F4D5D3393}.Debug|Any CPU.Build.0 = Debug|iPhoneSimulator
		{857EDF08-65D3-42C9-B3A4-707F4D5D3393}.Debug|Any CPU.Deploy.0 = Debug|iPhoneSimulator
		{857EDF08-65D3-42C9-B3A4-707F4D5D3393}.Debug|ARM.ActiveCfg = Debug|iPhone
		{857EDF08-65D3-42C9-B3A4-707F4D5D3393}.Debug|ARM.Build.0 = Debug|iPhone
		{857EDF08-65D3-42C9-B3A4-707F4D5D3393}.Debug|ARM.Deploy.0 = Debug|iPhone
		{857EDF08-65D3-42C9-B3A4-707F4D5D3393}.Debug|iPhone.ActiveCfg = Debug|iPhone
		{857EDF08-65D3-42C9-B3A4-707F4D5D3393}.Debug|iPhone.Build.0 = Debug|iPhone
		{857EDF08-65D3-42C9-B3A4-707F4D5D3393}.Debug|iPhone.Deploy.0 = Debug|iPhone
		{857EDF08-65D3-42C9-B3A4-707F4D5D3393}.Debug|iPhoneSimulator.ActiveCfg = Debug|iPhoneSimulator
		{857EDF08-65D3-42C9-B3A4-707F4D5D3393}.Debug|iPhoneSimulator.Build.0 = Debug|iPhoneSimulator
		{857EDF08-65D3-42C9-B3A4-707F4D5D3393}.Debug|iPhoneSimulator.Deploy.0 = Debug|iPhoneSimulator
		{857EDF08-65D3-42C9-B3A4-707F4D5D3393}.Debug|x64.ActiveCfg = Debug|iPhoneSimulator
		{857EDF08-65D3-42C9-B3A4-707F4D5D3393}.Debug|x64.Build.0 = Debug|iPhoneSimulator
		{857EDF08-65D3-42C9-B3A4-707F4D5D3393}.Debug|x64.Deploy.0 = Debug|iPhoneSimulator
		{857EDF08-65D3-42C9-B3A4-707F4D5D3393}.Debug|x86.ActiveCfg = Debug|iPhoneSimulator
		{857EDF08-65D3-42C9-B3A4-707F4D5D3393}.Debug|x86.Build.0 = Debug|iPhoneSimulator
		{857EDF08-65D3-42C9-B3A4-707F4D5D3393}.Debug|x86.Deploy.0 = Debug|iPhoneSimulator
		{857EDF08-65D3-42C9-B3A4-707F4D5D3393}.Release|Any CPU.ActiveCfg = Release|iPhoneSimulator
		{857EDF08-65D3-42C9-B3A4-707F4D5D3393}.Release|Any CPU.Build.0 = Release|iPhoneSimulator
		{857EDF08-65D3-42C9-B3A4-707F4D5D3393}.Release|Any CPU.Deploy.0 = Release|iPhoneSimulator
		{857EDF08-65D3-42C9-B3A4-707F4D5D3393}.Release|ARM.ActiveCfg = Release|iPhoneSimulator
		{857EDF08-65D3-42C9-B3A4-707F4D5D3393}.Release|ARM.Build.0 = Release|iPhoneSimulator
		{857EDF08-65D3-42C9-B3A4-707F4D5D3393}.Release|ARM.Deploy.0 = Release|iPhoneSimulator
		{857EDF08-65D3-42C9-B3A4-707F4D5D3393}.Release|iPhone.ActiveCfg = Release|iPhone
		{857EDF08-65D3-42C9-B3A4-707F4D5D3393}.Release|iPhone.Build.0 = Release|iPhone
		{857EDF08-65D3-42C9-B3A4-707F4D5D3393}.Release|iPhone.Deploy.0 = Release|iPhone
		{857EDF08-65D3-42C9-B3A4-707F4D5D3393}.Release|iPhoneSimulator.ActiveCfg = Release|iPhoneSimulator
		{857EDF08-65D3-42C9-B3A4-707F4D5D3393}.Release|iPhoneSimulator.Build.0 = Release|iPhoneSimulator
		{857EDF08-65D3-42C9-B3A4-707F4D5D3393}.Release|iPhoneSimulator.Deploy.0 = Release|iPhoneSimulator
		{857EDF08-65D3-42C9-B3A4-707F4D5D3393}.Release|x64.ActiveCfg = Release|iPhoneSimulator
		{857EDF08-65D3-42C9-B3A4-707F4D5D3393}.Release|x64.Build.0 = Release|iPhoneSimulator
		{857EDF08-65D3-42C9-B3A4-707F4D5D3393}.Release|x64.Deploy.0 = Release|iPhoneSimulator
		{857EDF08-65D3-42C9-B3A4-707F4D5D3393}.Release|x86.ActiveCfg = Release|iPhoneSimulator
		{857EDF08-65D3-42C9-B3A4-707F4D5D3393}.Release|x86.Build.0 = Release|iPhoneSimulator
		{857EDF08-65D3-42C9-B3A4-707F4D5D3393}.Release|x86.Deploy.0 = Release|iPhoneSimulator
		{72A0B5DC-375D-49B7-A4E7-CC988A05D963}.Debug|Any CPU.ActiveCfg = Debug|Any CPU
		{72A0B5DC-375D-49B7-A4E7-CC988A05D963}.Debug|Any CPU.Build.0 = Debug|Any CPU
		{72A0B5DC-375D-49B7-A4E7-CC988A05D963}.Debug|Any CPU.Deploy.0 = Debug|Any CPU
		{72A0B5DC-375D-49B7-A4E7-CC988A05D963}.Debug|ARM.ActiveCfg = Debug|Any CPU
		{72A0B5DC-375D-49B7-A4E7-CC988A05D963}.Debug|ARM.Build.0 = Debug|Any CPU
		{72A0B5DC-375D-49B7-A4E7-CC988A05D963}.Debug|ARM.Deploy.0 = Debug|Any CPU
		{72A0B5DC-375D-49B7-A4E7-CC988A05D963}.Debug|iPhone.ActiveCfg = Debug|Any CPU
		{72A0B5DC-375D-49B7-A4E7-CC988A05D963}.Debug|iPhone.Build.0 = Debug|Any CPU
		{72A0B5DC-375D-49B7-A4E7-CC988A05D963}.Debug|iPhone.Deploy.0 = Debug|Any CPU
		{72A0B5DC-375D-49B7-A4E7-CC988A05D963}.Debug|iPhoneSimulator.ActiveCfg = Debug|Any CPU
		{72A0B5DC-375D-49B7-A4E7-CC988A05D963}.Debug|iPhoneSimulator.Build.0 = Debug|Any CPU
		{72A0B5DC-375D-49B7-A4E7-CC988A05D963}.Debug|iPhoneSimulator.Deploy.0 = Debug|Any CPU
		{72A0B5DC-375D-49B7-A4E7-CC988A05D963}.Debug|x64.ActiveCfg = Debug|Any CPU
		{72A0B5DC-375D-49B7-A4E7-CC988A05D963}.Debug|x64.Build.0 = Debug|Any CPU
		{72A0B5DC-375D-49B7-A4E7-CC988A05D963}.Debug|x64.Deploy.0 = Debug|Any CPU
		{72A0B5DC-375D-49B7-A4E7-CC988A05D963}.Debug|x86.ActiveCfg = Debug|Any CPU
		{72A0B5DC-375D-49B7-A4E7-CC988A05D963}.Debug|x86.Build.0 = Debug|Any CPU
		{72A0B5DC-375D-49B7-A4E7-CC988A05D963}.Debug|x86.Deploy.0 = Debug|Any CPU
		{72A0B5DC-375D-49B7-A4E7-CC988A05D963}.Release|Any CPU.ActiveCfg = Release|Any CPU
		{72A0B5DC-375D-49B7-A4E7-CC988A05D963}.Release|Any CPU.Build.0 = Release|Any CPU
		{72A0B5DC-375D-49B7-A4E7-CC988A05D963}.Release|Any CPU.Deploy.0 = Release|Any CPU
		{72A0B5DC-375D-49B7-A4E7-CC988A05D963}.Release|ARM.ActiveCfg = Release|Any CPU
		{72A0B5DC-375D-49B7-A4E7-CC988A05D963}.Release|ARM.Build.0 = Release|Any CPU
		{72A0B5DC-375D-49B7-A4E7-CC988A05D963}.Release|ARM.Deploy.0 = Release|Any CPU
		{72A0B5DC-375D-49B7-A4E7-CC988A05D963}.Release|iPhone.ActiveCfg = Release|Any CPU
		{72A0B5DC-375D-49B7-A4E7-CC988A05D963}.Release|iPhone.Build.0 = Release|Any CPU
		{72A0B5DC-375D-49B7-A4E7-CC988A05D963}.Release|iPhone.Deploy.0 = Release|Any CPU
		{72A0B5DC-375D-49B7-A4E7-CC988A05D963}.Release|iPhoneSimulator.ActiveCfg = Release|Any CPU
		{72A0B5DC-375D-49B7-A4E7-CC988A05D963}.Release|iPhoneSimulator.Build.0 = Release|Any CPU
		{72A0B5DC-375D-49B7-A4E7-CC988A05D963}.Release|iPhoneSimulator.Deploy.0 = Release|Any CPU
		{72A0B5DC-375D-49B7-A4E7-CC988A05D963}.Release|x64.ActiveCfg = Release|Any CPU
		{72A0B5DC-375D-49B7-A4E7-CC988A05D963}.Release|x64.Build.0 = Release|Any CPU
		{72A0B5DC-375D-49B7-A4E7-CC988A05D963}.Release|x64.Deploy.0 = Release|Any CPU
		{72A0B5DC-375D-49B7-A4E7-CC988A05D963}.Release|x86.ActiveCfg = Release|Any CPU
		{72A0B5DC-375D-49B7-A4E7-CC988A05D963}.Release|x86.Build.0 = Release|Any CPU
		{72A0B5DC-375D-49B7-A4E7-CC988A05D963}.Release|x86.Deploy.0 = Release|Any CPU
	EndGlobalSection
	GlobalSection(SolutionProperties) = preSolution
		HideSolutionNode = FALSE
	EndGlobalSection
	GlobalSection(ExtensibilityGlobals) = postSolution
		SolutionGuid = {9C2525A8-C8E6-4864-A9E6-4FA76C9C564E}
	EndGlobalSection
EndGlobal
